// !$*UTF8*$!
{
	archiveVersion = 1;
	classes = {
	};
	objectVersion = 46;
	objects = {

/* Begin PBXBuildFile section */
		A9038F761B8F5EE500A7D183 /* Event.swift in Sources */ = {isa = PBXBuildFile; fileRef = A9038F751B8F5EE500A7D183 /* Event.swift */; };
		A9038F7B1B8F634200A7D183 /* Dictionariable.swift in Sources */ = {isa = PBXBuildFile; fileRef = A9038F7A1B8F634200A7D183 /* Dictionariable.swift */; };
		A912D8A41B8B5C3A006F0657 /* DocumentInformationElement.swift in Sources */ = {isa = PBXBuildFile; fileRef = A912D8A21B8B5C3A006F0657 /* DocumentInformationElement.swift */; };
		A912D8A51B8B5C3A006F0657 /* ReadingEvent.swift in Sources */ = {isa = PBXBuildFile; fileRef = A912D8A31B8B5C3A006F0657 /* ReadingEvent.swift */; };
		A913A9201BA1A93B008BA10D /* SearchPanelController.swift in Sources */ = {isa = PBXBuildFile; fileRef = A913A91F1BA1A93B008BA10D /* SearchPanelController.swift */; };
		A913A9251BA1B047008BA10D /* MainSplitController.swift in Sources */ = {isa = PBXBuildFile; fileRef = A913A9241BA1B047008BA10D /* MainSplitController.swift */; };
		A918F8101BC2D71500345448 /* eyeBox.swift in Sources */ = {isa = PBXBuildFile; fileRef = A918F80F1BC2D71500345448 /* eyeBox.swift */; };
		A91AFB731C1DC9A60025D1F6 /* ThresholdEditor.swift in Sources */ = {isa = PBXBuildFile; fileRef = A91AFB721C1DC9A60025D1F6 /* ThresholdEditor.swift */; };
		A91CB94A1B332EDB00671868 /* AppDelegate.swift in Sources */ = {isa = PBXBuildFile; fileRef = A91CB9491B332EDB00671868 /* AppDelegate.swift */; };
		A91CB9501B332EDB00671868 /* Images.xcassets in Resources */ = {isa = PBXBuildFile; fileRef = A91CB94F1B332EDB00671868 /* Images.xcassets */; };
		A91CB95F1B332EDB00671868 /* PeyeDFTests.swift in Sources */ = {isa = PBXBuildFile; fileRef = A91CB95E1B332EDB00671868 /* PeyeDFTests.swift */; };
		A91CB96F1B332FB700671868 /* EyeFormulas.swift in Sources */ = {isa = PBXBuildFile; fileRef = A91CB9691B332FB700671868 /* EyeFormulas.swift */; };
		A91CB9721B332FB700671868 /* PeyeDocument.swift in Sources */ = {isa = PBXBuildFile; fileRef = A91CB96C1B332FB700671868 /* PeyeDocument.swift */; };
		A91DC4E11C22E43800BBB612 /* SummaryReadingEvent.swift in Sources */ = {isa = PBXBuildFile; fileRef = A91DC4E01C22E43700BBB612 /* SummaryReadingEvent.swift */; };
		A9260F571BA4CD10005B1556 /* MyOverlay.swift in Sources */ = {isa = PBXBuildFile; fileRef = A9260F561BA4CD10005B1556 /* MyOverlay.swift */; };
		A935F0C61B8CC5FD00587C99 /* DesktopEvent.swift in Sources */ = {isa = PBXBuildFile; fileRef = A935F0C51B8CC5FD00587C99 /* DesktopEvent.swift */; };
		A93C53DC1B8DCEFB00179C72 /* HistoryManager.swift in Sources */ = {isa = PBXBuildFile; fileRef = A93C53DB1B8DCEFB00179C72 /* HistoryManager.swift */; };
		A95795071BD668E40083525C /* Person.swift in Sources */ = {isa = PBXBuildFile; fileRef = A95795061BD668E40083525C /* Person.swift */; };
		A957950D1BD66A600083525C /* ScientificDocument.swift in Sources */ = {isa = PBXBuildFile; fileRef = A957950C1BD66A600083525C /* ScientificDocument.swift */; };
		A95795151BD69BAA0083525C /* Refinder.storyboard in Resources */ = {isa = PBXBuildFile; fileRef = A95795141BD69BAA0083525C /* Refinder.storyboard */; };
		A95795171BD6A1CB0083525C /* RefinderWindowController.swift in Sources */ = {isa = PBXBuildFile; fileRef = A95795161BD6A1CB0083525C /* RefinderWindowController.swift */; };
		A95795191BD6A31B0083525C /* AllHistoryController.swift in Sources */ = {isa = PBXBuildFile; fileRef = A95795181BD6A31B0083525C /* AllHistoryController.swift */; };
		A957951B1BD6A35F0083525C /* HistoryTableCell.swift in Sources */ = {isa = PBXBuildFile; fileRef = A957951A1BD6A35F0083525C /* HistoryTableCell.swift */; };
		A95A8CEA1B9440600093119E /* Main.storyboard in Resources */ = {isa = PBXBuildFile; fileRef = A91CB9511B332EDB00671868 /* Main.storyboard */; };
		A95A8CF21B94407D0093119E /* DebugController.swift in Sources */ = {isa = PBXBuildFile; fileRef = A95A8CEB1B94407D0093119E /* DebugController.swift */; };
		A95A8CF31B94407D0093119E /* DocumentSplitController.swift in Sources */ = {isa = PBXBuildFile; fileRef = A95A8CEC1B94407D0093119E /* DocumentSplitController.swift */; };
		A95A8CF41B94407D0093119E /* DocumentWindowController.swift in Sources */ = {isa = PBXBuildFile; fileRef = A95A8CED1B94407D0093119E /* DocumentWindowController.swift */; };
		A95A8CF51B94407D0093119E /* MyPDFReader.swift in Sources */ = {isa = PBXBuildFile; fileRef = A95A8CEE1B94407D0093119E /* MyPDFReader.swift */; };
		A95A8CF61B94407D0093119E /* PDFSideController.swift in Sources */ = {isa = PBXBuildFile; fileRef = A95A8CEF1B94407D0093119E /* PDFSideController.swift */; };
		A95A8CF71B94407D0093119E /* DiMePreferencesViewController.swift in Sources */ = {isa = PBXBuildFile; fileRef = A95A8CF01B94407D0093119E /* DiMePreferencesViewController.swift */; };
		A95A8CF81B94407D0093119E /* ThumbSideController.swift in Sources */ = {isa = PBXBuildFile; fileRef = A95A8CF11B94407D0093119E /* ThumbSideController.swift */; };
		A95DF5651BC511A400EA1157 /* PDFDocumentExtensions.swift in Sources */ = {isa = PBXBuildFile; fileRef = A95DF5641BC511A400EA1157 /* PDFDocumentExtensions.swift */; };
		A95FE9801B8B3C1D0010E813 /* SwiftyJSON.swift in Sources */ = {isa = PBXBuildFile; fileRef = A95FE97F1B8B3C1D0010E813 /* SwiftyJSON.swift */; };
		A95FE9911B8B3F7D0010E813 /* Alamofire.framework in Embed Frameworks */ = {isa = PBXBuildFile; fileRef = A95FE98B1B8B3EC60010E813 /* Alamofire.framework */; settings = {ATTRIBUTES = (CodeSignOnCopy, RemoveHeadersOnCopy, ); }; };
		A9677F921BA806F700DC48CC /* MidasManager.swift in Sources */ = {isa = PBXBuildFile; fileRef = A9677F911BA806F700DC48CC /* MidasManager.swift */; };
		A97230761B8B60C8005D29E0 /* DiMeData.swift in Sources */ = {isa = PBXBuildFile; fileRef = A97230751B8B60C8005D29E0 /* DiMeData.swift */; };
		A974ADD81BD169E0008AB977 /* DocumentWindow.swift in Sources */ = {isa = PBXBuildFile; fileRef = A974ADD71BD169E0008AB977 /* DocumentWindow.swift */; };
		A981F69D1B42FC4C00E7E9BD /* Utils.swift in Sources */ = {isa = PBXBuildFile; fileRef = A981F69C1B42FC4C00E7E9BD /* Utils.swift */; };
		A99C22FB1BE8EC9D005EDFD9 /* WaitViewController.swift in Sources */ = {isa = PBXBuildFile; fileRef = A99C22FA1BE8EC9D005EDFD9 /* WaitViewController.swift */; };
		A99C23031BE92536005EDFD9 /* DiMeFetcher.swift in Sources */ = {isa = PBXBuildFile; fileRef = A99C23021BE92536005EDFD9 /* DiMeFetcher.swift */; };
		A9A23CD41C771A5D008B61C4 /* NSDate+Extensions.swift in Sources */ = {isa = PBXBuildFile; fileRef = A9A23CD31C771A5D008B61C4 /* NSDate+Extensions.swift */; };
		A9A23CD61C771A82008B61C4 /* String+Extensions.swift in Sources */ = {isa = PBXBuildFile; fileRef = A9A23CD51C771A82008B61C4 /* String+Extensions.swift */; };
		A9A23CD81C771AB4008B61C4 /* NSRect+Extensions.swift in Sources */ = {isa = PBXBuildFile; fileRef = A9A23CD71C771AB4008B61C4 /* NSRect+Extensions.swift */; };
		A9A23CDA1C771AF4008B61C4 /* NS+Extensions.swift in Sources */ = {isa = PBXBuildFile; fileRef = A9A23CD91C771AF4008B61C4 /* NS+Extensions.swift */; };
		A9A23CE31C776989008B61C4 /* PeyeDF.icns in Resources */ = {isa = PBXBuildFile; fileRef = A9A23CE21C776989008B61C4 /* PeyeDF.icns */; };
		A9A2DFC61BC427BE006C07FD /* MetadataWindowController.swift in Sources */ = {isa = PBXBuildFile; fileRef = A9A2DFC51BC427BE006C07FD /* MetadataWindowController.swift */; };
		A9A2DFCC1BC427D2006C07FD /* MetadataViewController.swift in Sources */ = {isa = PBXBuildFile; fileRef = A9A2DFCB1BC427D2006C07FD /* MetadataViewController.swift */; };
		A9B36CA31BEA0FE300A27861 /* RefinderProgressIndicator.swift in Sources */ = {isa = PBXBuildFile; fileRef = A9B36CA21BEA0FE300A27861 /* RefinderProgressIndicator.swift */; };
		A9B36CA91BEA2E0800A27861 /* HistoryDetailController.swift in Sources */ = {isa = PBXBuildFile; fileRef = A9B36CA81BEA2E0800A27861 /* HistoryDetailController.swift */; };
		A9B36CAB1BEA30BF00A27861 /* MyPDFOverview.swift in Sources */ = {isa = PBXBuildFile; fileRef = A9B36CAA1BEA30BF00A27861 /* MyPDFOverview.swift */; };
		A9B36CAD1BEA30D800A27861 /* MyPDFDetail.swift in Sources */ = {isa = PBXBuildFile; fileRef = A9B36CAC1BEA30D800A27861 /* MyPDFDetail.swift */; };
		A9B36CB01BEA4A3A00A27861 /* MyPDFBase.swift in Sources */ = {isa = PBXBuildFile; fileRef = A9B36CAF1BEA4A3A00A27861 /* MyPDFBase.swift */; };
		A9C8F0251BC2B309007ABE1A /* Fixation.swift in Sources */ = {isa = PBXBuildFile; fileRef = A9C8F0241BC2B309007ABE1A /* Fixation.swift */; };
		A9C8F0271BC2B31A007ABE1A /* Raw.swift in Sources */ = {isa = PBXBuildFile; fileRef = A9C8F0261BC2B31A007ABE1A /* Raw.swift */; };
		A9CDB2E91B3AC49800347398 /* PeyeConstants.swift in Sources */ = {isa = PBXBuildFile; fileRef = A9CDB2E81B3AC49800347398 /* PeyeConstants.swift */; };
		A9CEAA801BE7793500E23964 /* Paragraphs.swift in Sources */ = {isa = PBXBuildFile; fileRef = A9CEAA7F1BE7793500E23964 /* Paragraphs.swift */; };
		A9D833AD1BA868520046B21F /* PageEyeData.swift in Sources */ = {isa = PBXBuildFile; fileRef = A9D833AC1BA868520046B21F /* PageEyeData.swift */; };
		A9D9A8BF1C1C883D0014C1EB /* EyeRectangle.swift in Sources */ = {isa = PBXBuildFile; fileRef = A9D9A8BE1C1C883D0014C1EB /* EyeRectangle.swift */; };
		A9DFF1721B7E3D1A008CFF0C /* XCGLogger.swift in Sources */ = {isa = PBXBuildFile; fileRef = A9DFF1711B7E3D1A008CFF0C /* XCGLogger.swift */; };
		A9E771111B96091F0005A4B3 /* ReadingRect.swift in Sources */ = {isa = PBXBuildFile; fileRef = A9E771101B96091F0005A4B3 /* ReadingRect.swift */; };
		A9F335731B3ABC090042BFB3 /* AppSingleton.swift in Sources */ = {isa = PBXBuildFile; fileRef = A9F335721B3ABC090042BFB3 /* AppSingleton.swift */; };
		A9FE38A81B98497400680F31 /* GeneralSettingsController.swift in Sources */ = {isa = PBXBuildFile; fileRef = A9FE38A71B98497400680F31 /* GeneralSettingsController.swift */; };
/* End PBXBuildFile section */

/* Begin PBXContainerItemProxy section */
		A906D9011BAD827800DF10C4 /* PBXContainerItemProxy */ = {
			isa = PBXContainerItemProxy;
			containerPortal = A95FE9811B8B3EC60010E813 /* Alamofire.xcodeproj */;
			proxyType = 2;
			remoteGlobalIDString = E4202FE01B667AA100C997FB;
			remoteInfo = "Alamofire watchOS";
		};
		A91CB9591B332EDB00671868 /* PBXContainerItemProxy */ = {
			isa = PBXContainerItemProxy;
			containerPortal = A91CB93C1B332EDB00671868 /* Project object */;
			proxyType = 1;
			remoteGlobalIDString = A91CB9431B332EDB00671868;
			remoteInfo = PeyeDF;
		};
		A95FE9881B8B3EC60010E813 /* PBXContainerItemProxy */ = {
			isa = PBXContainerItemProxy;
			containerPortal = A95FE9811B8B3EC60010E813 /* Alamofire.xcodeproj */;
			proxyType = 2;
			remoteGlobalIDString = F8111E3319A95C8B0040E7D1;
			remoteInfo = "Alamofire iOS";
		};
		A95FE98A1B8B3EC60010E813 /* PBXContainerItemProxy */ = {
			isa = PBXContainerItemProxy;
			containerPortal = A95FE9811B8B3EC60010E813 /* Alamofire.xcodeproj */;
			proxyType = 2;
			remoteGlobalIDString = 4DD67C0B1A5C55C900ED2280;
			remoteInfo = "Alamofire OSX";
		};
		A95FE98C1B8B3EC60010E813 /* PBXContainerItemProxy */ = {
			isa = PBXContainerItemProxy;
			containerPortal = A95FE9811B8B3EC60010E813 /* Alamofire.xcodeproj */;
			proxyType = 2;
			remoteGlobalIDString = F8111E3E19A95C8B0040E7D1;
			remoteInfo = "Alamofire iOS Tests";
		};
		A95FE98E1B8B3EC60010E813 /* PBXContainerItemProxy */ = {
			isa = PBXContainerItemProxy;
			containerPortal = A95FE9811B8B3EC60010E813 /* Alamofire.xcodeproj */;
			proxyType = 2;
			remoteGlobalIDString = F829C6B21A7A94F100A2CD59;
			remoteInfo = "Alamofire OSX Tests";
		};
		A95FE9921B8B3F7D0010E813 /* PBXContainerItemProxy */ = {
			isa = PBXContainerItemProxy;
			containerPortal = A95FE9811B8B3EC60010E813 /* Alamofire.xcodeproj */;
			proxyType = 1;
			remoteGlobalIDString = 4DD67C0A1A5C55C900ED2280;
			remoteInfo = "Alamofire OSX";
		};
		A9D9A8BA1C1C87AE0014C1EB /* PBXContainerItemProxy */ = {
			isa = PBXContainerItemProxy;
			containerPortal = A95FE9811B8B3EC60010E813 /* Alamofire.xcodeproj */;
			proxyType = 2;
			remoteGlobalIDString = 4CF626EF1BA7CB3E0011A099;
			remoteInfo = "Alamofire tvOS";
		};
		A9D9A8BC1C1C87AE0014C1EB /* PBXContainerItemProxy */ = {
			isa = PBXContainerItemProxy;
			containerPortal = A95FE9811B8B3EC60010E813 /* Alamofire.xcodeproj */;
			proxyType = 2;
			remoteGlobalIDString = 4CF626F81BA7CB3E0011A099;
			remoteInfo = "Alamofire tvOS Tests";
		};
/* End PBXContainerItemProxy section */

/* Begin PBXCopyFilesBuildPhase section */
		A95FE9941B8B3F7D0010E813 /* Embed Frameworks */ = {
			isa = PBXCopyFilesBuildPhase;
			buildActionMask = 2147483647;
			dstPath = "";
			dstSubfolderSpec = 10;
			files = (
				A95FE9911B8B3F7D0010E813 /* Alamofire.framework in Embed Frameworks */,
			);
			name = "Embed Frameworks";
			runOnlyForDeploymentPostprocessing = 0;
		};
/* End PBXCopyFilesBuildPhase section */

/* Begin PBXFileReference section */
		A9038F751B8F5EE500A7D183 /* Event.swift */ = {isa = PBXFileReference; fileEncoding = 4; lastKnownFileType = sourcecode.swift; path = Event.swift; sourceTree = "<group>"; };
		A9038F7A1B8F634200A7D183 /* Dictionariable.swift */ = {isa = PBXFileReference; fileEncoding = 4; lastKnownFileType = sourcecode.swift; name = Dictionariable.swift; path = ../DiMe/Dictionariable.swift; sourceTree = "<group>"; };
		A912D8A21B8B5C3A006F0657 /* DocumentInformationElement.swift */ = {isa = PBXFileReference; fileEncoding = 4; lastKnownFileType = sourcecode.swift; path = DocumentInformationElement.swift; sourceTree = "<group>"; };
		A912D8A31B8B5C3A006F0657 /* ReadingEvent.swift */ = {isa = PBXFileReference; fileEncoding = 4; lastKnownFileType = sourcecode.swift; path = ReadingEvent.swift; sourceTree = "<group>"; };
		A913A91F1BA1A93B008BA10D /* SearchPanelController.swift */ = {isa = PBXFileReference; fileEncoding = 4; lastKnownFileType = sourcecode.swift; path = SearchPanelController.swift; sourceTree = "<group>"; };
		A913A9241BA1B047008BA10D /* MainSplitController.swift */ = {isa = PBXFileReference; fileEncoding = 4; lastKnownFileType = sourcecode.swift; path = MainSplitController.swift; sourceTree = "<group>"; };
		A918F80F1BC2D71500345448 /* eyeBox.swift */ = {isa = PBXFileReference; fileEncoding = 4; lastKnownFileType = sourcecode.swift; path = eyeBox.swift; sourceTree = "<group>"; };
		A91AFB721C1DC9A60025D1F6 /* ThresholdEditor.swift */ = {isa = PBXFileReference; fileEncoding = 4; lastKnownFileType = sourcecode.swift; path = ThresholdEditor.swift; sourceTree = "<group>"; };
		A91CB9441B332EDB00671868 /* PeyeDF.app */ = {isa = PBXFileReference; explicitFileType = wrapper.application; includeInIndex = 0; path = PeyeDF.app; sourceTree = BUILT_PRODUCTS_DIR; };
		A91CB9481B332EDB00671868 /* Info.plist */ = {isa = PBXFileReference; lastKnownFileType = text.plist.xml; path = Info.plist; sourceTree = "<group>"; };
		A91CB9491B332EDB00671868 /* AppDelegate.swift */ = {isa = PBXFileReference; lastKnownFileType = sourcecode.swift; path = AppDelegate.swift; sourceTree = "<group>"; };
		A91CB94F1B332EDB00671868 /* Images.xcassets */ = {isa = PBXFileReference; lastKnownFileType = folder.assetcatalog; path = Images.xcassets; sourceTree = "<group>"; };
		A91CB9521B332EDB00671868 /* Base */ = {isa = PBXFileReference; lastKnownFileType = file.storyboard; name = Base; path = Base.lproj/Main.storyboard; sourceTree = "<group>"; };
		A91CB9581B332EDB00671868 /* PeyeDFTests.xctest */ = {isa = PBXFileReference; explicitFileType = wrapper.cfbundle; includeInIndex = 0; path = PeyeDFTests.xctest; sourceTree = BUILT_PRODUCTS_DIR; };
		A91CB95D1B332EDB00671868 /* Info.plist */ = {isa = PBXFileReference; lastKnownFileType = text.plist.xml; path = Info.plist; sourceTree = "<group>"; };
		A91CB95E1B332EDB00671868 /* PeyeDFTests.swift */ = {isa = PBXFileReference; lastKnownFileType = sourcecode.swift; path = PeyeDFTests.swift; sourceTree = "<group>"; };
		A91CB9691B332FB700671868 /* EyeFormulas.swift */ = {isa = PBXFileReference; fileEncoding = 4; lastKnownFileType = sourcecode.swift; path = EyeFormulas.swift; sourceTree = "<group>"; };
		A91CB96C1B332FB700671868 /* PeyeDocument.swift */ = {isa = PBXFileReference; fileEncoding = 4; lastKnownFileType = sourcecode.swift; path = PeyeDocument.swift; sourceTree = "<group>"; };
		A91DC4E01C22E43700BBB612 /* SummaryReadingEvent.swift */ = {isa = PBXFileReference; fileEncoding = 4; lastKnownFileType = sourcecode.swift; path = SummaryReadingEvent.swift; sourceTree = "<group>"; };
		A9260F561BA4CD10005B1556 /* MyOverlay.swift */ = {isa = PBXFileReference; fileEncoding = 4; lastKnownFileType = sourcecode.swift; path = MyOverlay.swift; sourceTree = "<group>"; };
		A935F0C51B8CC5FD00587C99 /* DesktopEvent.swift */ = {isa = PBXFileReference; fileEncoding = 4; lastKnownFileType = sourcecode.swift; path = DesktopEvent.swift; sourceTree = "<group>"; };
		A93C53DB1B8DCEFB00179C72 /* HistoryManager.swift */ = {isa = PBXFileReference; fileEncoding = 4; lastKnownFileType = sourcecode.swift; path = HistoryManager.swift; sourceTree = "<group>"; };
		A95795061BD668E40083525C /* Person.swift */ = {isa = PBXFileReference; fileEncoding = 4; lastKnownFileType = sourcecode.swift; path = Person.swift; sourceTree = "<group>"; };
		A957950C1BD66A600083525C /* ScientificDocument.swift */ = {isa = PBXFileReference; fileEncoding = 4; lastKnownFileType = sourcecode.swift; path = ScientificDocument.swift; sourceTree = "<group>"; };
		A95795141BD69BAA0083525C /* Refinder.storyboard */ = {isa = PBXFileReference; fileEncoding = 4; lastKnownFileType = file.storyboard; path = Refinder.storyboard; sourceTree = "<group>"; };
		A95795161BD6A1CB0083525C /* RefinderWindowController.swift */ = {isa = PBXFileReference; fileEncoding = 4; lastKnownFileType = sourcecode.swift; path = RefinderWindowController.swift; sourceTree = "<group>"; };
		A95795181BD6A31B0083525C /* AllHistoryController.swift */ = {isa = PBXFileReference; fileEncoding = 4; lastKnownFileType = sourcecode.swift; path = AllHistoryController.swift; sourceTree = "<group>"; };
		A957951A1BD6A35F0083525C /* HistoryTableCell.swift */ = {isa = PBXFileReference; fileEncoding = 4; lastKnownFileType = sourcecode.swift; path = HistoryTableCell.swift; sourceTree = "<group>"; };
		A95A8CEB1B94407D0093119E /* DebugController.swift */ = {isa = PBXFileReference; fileEncoding = 4; lastKnownFileType = sourcecode.swift; path = DebugController.swift; sourceTree = "<group>"; };
		A95A8CEC1B94407D0093119E /* DocumentSplitController.swift */ = {isa = PBXFileReference; fileEncoding = 4; lastKnownFileType = sourcecode.swift; path = DocumentSplitController.swift; sourceTree = "<group>"; };
		A95A8CED1B94407D0093119E /* DocumentWindowController.swift */ = {isa = PBXFileReference; fileEncoding = 4; lastKnownFileType = sourcecode.swift; path = DocumentWindowController.swift; sourceTree = "<group>"; };
		A95A8CEE1B94407D0093119E /* MyPDFReader.swift */ = {isa = PBXFileReference; fileEncoding = 4; lastKnownFileType = sourcecode.swift; path = MyPDFReader.swift; sourceTree = "<group>"; };
		A95A8CEF1B94407D0093119E /* PDFSideController.swift */ = {isa = PBXFileReference; fileEncoding = 4; lastKnownFileType = sourcecode.swift; path = PDFSideController.swift; sourceTree = "<group>"; };
		A95A8CF01B94407D0093119E /* DiMePreferencesViewController.swift */ = {isa = PBXFileReference; fileEncoding = 4; lastKnownFileType = sourcecode.swift; path = DiMePreferencesViewController.swift; sourceTree = "<group>"; };
		A95A8CF11B94407D0093119E /* ThumbSideController.swift */ = {isa = PBXFileReference; fileEncoding = 4; lastKnownFileType = sourcecode.swift; path = ThumbSideController.swift; sourceTree = "<group>"; };
		A95DF5641BC511A400EA1157 /* PDFDocumentExtensions.swift */ = {isa = PBXFileReference; fileEncoding = 4; lastKnownFileType = sourcecode.swift; path = PDFDocumentExtensions.swift; sourceTree = "<group>"; };
		A95FE97F1B8B3C1D0010E813 /* SwiftyJSON.swift */ = {isa = PBXFileReference; fileEncoding = 4; lastKnownFileType = sourcecode.swift; path = SwiftyJSON.swift; sourceTree = "<group>"; };
		A95FE9811B8B3EC60010E813 /* Alamofire.xcodeproj */ = {isa = PBXFileReference; lastKnownFileType = "wrapper.pb-project"; name = Alamofire.xcodeproj; path = Alamofire/Alamofire.xcodeproj; sourceTree = "<group>"; };
		A9677F911BA806F700DC48CC /* MidasManager.swift */ = {isa = PBXFileReference; fileEncoding = 4; lastKnownFileType = sourcecode.swift; path = MidasManager.swift; sourceTree = "<group>"; };
		A97230751B8B60C8005D29E0 /* DiMeData.swift */ = {isa = PBXFileReference; fileEncoding = 4; lastKnownFileType = sourcecode.swift; path = DiMeData.swift; sourceTree = "<group>"; };
		A974ADD71BD169E0008AB977 /* DocumentWindow.swift */ = {isa = PBXFileReference; fileEncoding = 4; lastKnownFileType = sourcecode.swift; path = DocumentWindow.swift; sourceTree = "<group>"; };
		A97F7B951B8CB32700013E26 /* PeyeDF-Bridging-Header.h */ = {isa = PBXFileReference; fileEncoding = 4; lastKnownFileType = sourcecode.c.h; path = "PeyeDF-Bridging-Header.h"; sourceTree = "<group>"; };
		A981F69C1B42FC4C00E7E9BD /* Utils.swift */ = {isa = PBXFileReference; fileEncoding = 4; lastKnownFileType = sourcecode.swift; path = Utils.swift; sourceTree = "<group>"; };
		A99C22FA1BE8EC9D005EDFD9 /* WaitViewController.swift */ = {isa = PBXFileReference; fileEncoding = 4; lastKnownFileType = sourcecode.swift; path = WaitViewController.swift; sourceTree = "<group>"; };
		A99C23021BE92536005EDFD9 /* DiMeFetcher.swift */ = {isa = PBXFileReference; fileEncoding = 4; lastKnownFileType = sourcecode.swift; path = DiMeFetcher.swift; sourceTree = "<group>"; };
		A9A23CD31C771A5D008B61C4 /* NSDate+Extensions.swift */ = {isa = PBXFileReference; fileEncoding = 4; lastKnownFileType = sourcecode.swift; path = "NSDate+Extensions.swift"; sourceTree = "<group>"; };
		A9A23CD51C771A82008B61C4 /* String+Extensions.swift */ = {isa = PBXFileReference; fileEncoding = 4; lastKnownFileType = sourcecode.swift; path = "String+Extensions.swift"; sourceTree = "<group>"; };
		A9A23CD71C771AB4008B61C4 /* NSRect+Extensions.swift */ = {isa = PBXFileReference; fileEncoding = 4; lastKnownFileType = sourcecode.swift; path = "NSRect+Extensions.swift"; sourceTree = "<group>"; };
		A9A23CD91C771AF4008B61C4 /* NS+Extensions.swift */ = {isa = PBXFileReference; fileEncoding = 4; lastKnownFileType = sourcecode.swift; path = "NS+Extensions.swift"; sourceTree = "<group>"; };
		A9A23CE21C776989008B61C4 /* PeyeDF.icns */ = {isa = PBXFileReference; lastKnownFileType = image.icns; path = PeyeDF.icns; sourceTree = "<group>"; };
		A9A2DFC51BC427BE006C07FD /* MetadataWindowController.swift */ = {isa = PBXFileReference; fileEncoding = 4; lastKnownFileType = sourcecode.swift; path = MetadataWindowController.swift; sourceTree = "<group>"; };
		A9A2DFCB1BC427D2006C07FD /* MetadataViewController.swift */ = {isa = PBXFileReference; fileEncoding = 4; lastKnownFileType = sourcecode.swift; path = MetadataViewController.swift; sourceTree = "<group>"; };
		A9B36CA21BEA0FE300A27861 /* RefinderProgressIndicator.swift */ = {isa = PBXFileReference; fileEncoding = 4; lastKnownFileType = sourcecode.swift; path = RefinderProgressIndicator.swift; sourceTree = "<group>"; };
		A9B36CA81BEA2E0800A27861 /* HistoryDetailController.swift */ = {isa = PBXFileReference; fileEncoding = 4; lastKnownFileType = sourcecode.swift; path = HistoryDetailController.swift; sourceTree = "<group>"; };
		A9B36CAA1BEA30BF00A27861 /* MyPDFOverview.swift */ = {isa = PBXFileReference; fileEncoding = 4; lastKnownFileType = sourcecode.swift; path = MyPDFOverview.swift; sourceTree = "<group>"; };
		A9B36CAC1BEA30D800A27861 /* MyPDFDetail.swift */ = {isa = PBXFileReference; fileEncoding = 4; lastKnownFileType = sourcecode.swift; path = MyPDFDetail.swift; sourceTree = "<group>"; };
		A9B36CAF1BEA4A3A00A27861 /* MyPDFBase.swift */ = {isa = PBXFileReference; fileEncoding = 4; lastKnownFileType = sourcecode.swift; path = MyPDFBase.swift; sourceTree = "<group>"; };
		A9C8F0241BC2B309007ABE1A /* Fixation.swift */ = {isa = PBXFileReference; fileEncoding = 4; lastKnownFileType = sourcecode.swift; path = Fixation.swift; sourceTree = "<group>"; };
		A9C8F0261BC2B31A007ABE1A /* Raw.swift */ = {isa = PBXFileReference; fileEncoding = 4; lastKnownFileType = sourcecode.swift; path = Raw.swift; sourceTree = "<group>"; };
		A9CDB2E81B3AC49800347398 /* PeyeConstants.swift */ = {isa = PBXFileReference; fileEncoding = 4; lastKnownFileType = sourcecode.swift; path = PeyeConstants.swift; sourceTree = "<group>"; };
		A9CEAA7F1BE7793500E23964 /* Paragraphs.swift */ = {isa = PBXFileReference; fileEncoding = 4; lastKnownFileType = sourcecode.swift; path = Paragraphs.swift; sourceTree = "<group>"; };
		A9D833AC1BA868520046B21F /* PageEyeData.swift */ = {isa = PBXFileReference; fileEncoding = 4; lastKnownFileType = sourcecode.swift; path = PageEyeData.swift; sourceTree = "<group>"; };
		A9D9A8BE1C1C883D0014C1EB /* EyeRectangle.swift */ = {isa = PBXFileReference; fileEncoding = 4; lastKnownFileType = sourcecode.swift; path = EyeRectangle.swift; sourceTree = "<group>"; };
		A9DFF1711B7E3D1A008CFF0C /* XCGLogger.swift */ = {isa = PBXFileReference; fileEncoding = 4; lastKnownFileType = sourcecode.swift; path = XCGLogger.swift; sourceTree = "<group>"; };
		A9E771101B96091F0005A4B3 /* ReadingRect.swift */ = {isa = PBXFileReference; fileEncoding = 4; lastKnownFileType = sourcecode.swift; path = ReadingRect.swift; sourceTree = "<group>"; };
		A9F335721B3ABC090042BFB3 /* AppSingleton.swift */ = {isa = PBXFileReference; fileEncoding = 4; lastKnownFileType = sourcecode.swift; path = AppSingleton.swift; sourceTree = "<group>"; };
		A9FE38A71B98497400680F31 /* GeneralSettingsController.swift */ = {isa = PBXFileReference; fileEncoding = 4; lastKnownFileType = sourcecode.swift; path = GeneralSettingsController.swift; sourceTree = "<group>"; };
/* End PBXFileReference section */

/* Begin PBXFrameworksBuildPhase section */
		A91CB9411B332EDB00671868 /* Frameworks */ = {
			isa = PBXFrameworksBuildPhase;
			buildActionMask = 2147483647;
			files = (
			);
			runOnlyForDeploymentPostprocessing = 0;
		};
		A91CB9551B332EDB00671868 /* Frameworks */ = {
			isa = PBXFrameworksBuildPhase;
			buildActionMask = 2147483647;
			files = (
			);
			runOnlyForDeploymentPostprocessing = 0;
		};
/* End PBXFrameworksBuildPhase section */

/* Begin PBXGroup section */
		A9000C5B1B358B7F00E59C7B /* UI */ = {
			isa = PBXGroup;
			children = (
				A91CB9511B332EDB00671868 /* Main.storyboard */,
				A95A8CEB1B94407D0093119E /* DebugController.swift */,
				A913A9241BA1B047008BA10D /* MainSplitController.swift */,
				A9FE38A71B98497400680F31 /* GeneralSettingsController.swift */,
				A918F80F1BC2D71500345448 /* eyeBox.swift */,
				A95A8CEC1B94407D0093119E /* DocumentSplitController.swift */,
				A9260F561BA4CD10005B1556 /* MyOverlay.swift */,
				A974ADD71BD169E0008AB977 /* DocumentWindow.swift */,
				A95A8CED1B94407D0093119E /* DocumentWindowController.swift */,
				A913A91F1BA1A93B008BA10D /* SearchPanelController.swift */,
				A95A8CEE1B94407D0093119E /* MyPDFReader.swift */,
				A95A8CEF1B94407D0093119E /* PDFSideController.swift */,
				A95A8CF01B94407D0093119E /* DiMePreferencesViewController.swift */,
				A95A8CF11B94407D0093119E /* ThumbSideController.swift */,
				A9A2DFC51BC427BE006C07FD /* MetadataWindowController.swift */,
				A9A2DFCB1BC427D2006C07FD /* MetadataViewController.swift */,
				A99C22FA1BE8EC9D005EDFD9 /* WaitViewController.swift */,
			);
			name = UI;
			path = PeyeDF/UI;
			sourceTree = SOURCE_ROOT;
		};
		A9000C5C1B358B8E00E59C7B /* Utility */ = {
			isa = PBXGroup;
			children = (
				A9CDB2E81B3AC49800347398 /* PeyeConstants.swift */,
				A95DF5641BC511A400EA1157 /* PDFDocumentExtensions.swift */,
				A95FE97F1B8B3C1D0010E813 /* SwiftyJSON.swift */,
				A9DFF1711B7E3D1A008CFF0C /* XCGLogger.swift */,
				A981F69C1B42FC4C00E7E9BD /* Utils.swift */,
				A91CB9691B332FB700671868 /* EyeFormulas.swift */,
				A97F7B951B8CB32700013E26 /* PeyeDF-Bridging-Header.h */,
			);
			name = Utility;
			path = PeyeDF/Utility;
			sourceTree = SOURCE_ROOT;
		};
		A9000C5D1B358BBC00E59C7B /* Model */ = {
			isa = PBXGroup;
			children = (
				A9038F7A1B8F634200A7D183 /* Dictionariable.swift */,
				A93C53DB1B8DCEFB00179C72 /* HistoryManager.swift */,
				A99C23021BE92536005EDFD9 /* DiMeFetcher.swift */,
				A9677F911BA806F700DC48CC /* MidasManager.swift */,
				A9F335721B3ABC090042BFB3 /* AppSingleton.swift */,
				A91CB96C1B332FB700671868 /* PeyeDocument.swift */,
				A91CB9491B332EDB00671868 /* AppDelegate.swift */,
				A9CEAA7F1BE7793500E23964 /* Paragraphs.swift */,
				A9B36CAF1BEA4A3A00A27861 /* MyPDFBase.swift */,
			);
			name = Model;
			path = PeyeDF/Model;
			sourceTree = SOURCE_ROOT;
		};
		A91CB93B1B332EDB00671868 = {
			isa = PBXGroup;
			children = (
				A9A23CE21C776989008B61C4 /* PeyeDF.icns */,
				A9D9545F1B8B59DD007A34BF /* DiMe data types */,
				A9C8F0231BC2B27A007ABE1A /* Midas data types */,
				A9D9A8B31C1C87AE0014C1EB /* Eye Analysis */,
				A9000C5D1B358BBC00E59C7B /* Model */,
				A9000C5C1B358B8E00E59C7B /* Utility */,
				A9A23CCC1C771A3B008B61C4 /* Extensions */,
				A9000C5B1B358B7F00E59C7B /* UI */,
				A957950F1BD69B650083525C /* Refinder */,
				A91CB9461B332EDB00671868 /* PeyeDF */,
				A91CB95B1B332EDB00671868 /* PeyeDFTests */,
				A91CB9451B332EDB00671868 /* Products */,
				A95FE9811B8B3EC60010E813 /* Alamofire.xcodeproj */,
			);
			sourceTree = "<group>";
		};
		A91CB9451B332EDB00671868 /* Products */ = {
			isa = PBXGroup;
			children = (
				A91CB9441B332EDB00671868 /* PeyeDF.app */,
				A91CB9581B332EDB00671868 /* PeyeDFTests.xctest */,
			);
			name = Products;
			sourceTree = "<group>";
		};
		A91CB9461B332EDB00671868 /* PeyeDF */ = {
			isa = PBXGroup;
			children = (
				A91CB94F1B332EDB00671868 /* Images.xcassets */,
				A91CB9471B332EDB00671868 /* Supporting Files */,
			);
			path = PeyeDF;
			sourceTree = "<group>";
		};
		A91CB9471B332EDB00671868 /* Supporting Files */ = {
			isa = PBXGroup;
			children = (
				A91CB9481B332EDB00671868 /* Info.plist */,
			);
			name = "Supporting Files";
			sourceTree = "<group>";
		};
		A91CB95B1B332EDB00671868 /* PeyeDFTests */ = {
			isa = PBXGroup;
			children = (
				A91CB95E1B332EDB00671868 /* PeyeDFTests.swift */,
				A91CB95C1B332EDB00671868 /* Supporting Files */,
			);
			path = PeyeDFTests;
			sourceTree = "<group>";
		};
		A91CB95C1B332EDB00671868 /* Supporting Files */ = {
			isa = PBXGroup;
			children = (
				A91CB95D1B332EDB00671868 /* Info.plist */,
			);
			name = "Supporting Files";
			sourceTree = "<group>";
		};
		A957950F1BD69B650083525C /* Refinder */ = {
			isa = PBXGroup;
			children = (
				A95795141BD69BAA0083525C /* Refinder.storyboard */,
				A95795161BD6A1CB0083525C /* RefinderWindowController.swift */,
				A95795181BD6A31B0083525C /* AllHistoryController.swift */,
				A91AFB721C1DC9A60025D1F6 /* ThresholdEditor.swift */,
				A957951A1BD6A35F0083525C /* HistoryTableCell.swift */,
				A9B36CA21BEA0FE300A27861 /* RefinderProgressIndicator.swift */,
				A9B36CA81BEA2E0800A27861 /* HistoryDetailController.swift */,
				A9B36CAA1BEA30BF00A27861 /* MyPDFOverview.swift */,
				A9B36CAC1BEA30D800A27861 /* MyPDFDetail.swift */,
			);
			name = Refinder;
			path = PeyeDF/Refinder;
			sourceTree = SOURCE_ROOT;
		};
		A95FE9821B8B3EC60010E813 /* Products */ = {
			isa = PBXGroup;
			children = (
				A95FE9891B8B3EC60010E813 /* Alamofire.framework */,
				A95FE98D1B8B3EC60010E813 /* Alamofire iOS Tests.xctest */,
				A95FE98B1B8B3EC60010E813 /* Alamofire.framework */,
				A95FE98F1B8B3EC60010E813 /* Alamofire OSX Tests.xctest */,
				A9D9A8BB1C1C87AE0014C1EB /* Alamofire.framework */,
				A9D9A8BD1C1C87AE0014C1EB /* Alamofire tvOS Tests.xctest */,
				A906D9021BAD827800DF10C4 /* Alamofire.framework */,
			);
			name = Products;
			sourceTree = "<group>";
		};
		A9A23CCC1C771A3B008B61C4 /* Extensions */ = {
			isa = PBXGroup;
			children = (
				A9A23CD31C771A5D008B61C4 /* NSDate+Extensions.swift */,
				A9A23CD51C771A82008B61C4 /* String+Extensions.swift */,
				A9A23CD71C771AB4008B61C4 /* NSRect+Extensions.swift */,
				A9A23CD91C771AF4008B61C4 /* NS+Extensions.swift */,
			);
			name = Extensions;
			path = PeyeDF/Extensions;
			sourceTree = "<group>";
		};
		A9C8F0231BC2B27A007ABE1A /* Midas data types */ = {
			isa = PBXGroup;
			children = (
				A9C8F0261BC2B31A007ABE1A /* Raw.swift */,
				A9C8F0241BC2B309007ABE1A /* Fixation.swift */,
			);
			name = "Midas data types";
			path = PeyeDF/Midas;
			sourceTree = SOURCE_ROOT;
		};
		A9D9545F1B8B59DD007A34BF /* DiMe data types */ = {
			isa = PBXGroup;
			children = (
				A912D8A21B8B5C3A006F0657 /* DocumentInformationElement.swift */,
				A957950C1BD66A600083525C /* ScientificDocument.swift */,
				A9E771101B96091F0005A4B3 /* ReadingRect.swift */,
				A9D833AC1BA868520046B21F /* PageEyeData.swift */,
				A9038F751B8F5EE500A7D183 /* Event.swift */,
				A95795061BD668E40083525C /* Person.swift */,
				A912D8A31B8B5C3A006F0657 /* ReadingEvent.swift */,
				A91DC4E01C22E43700BBB612 /* SummaryReadingEvent.swift */,
				A935F0C51B8CC5FD00587C99 /* DesktopEvent.swift */,
				A97230751B8B60C8005D29E0 /* DiMeData.swift */,
			);
			name = "DiMe data types";
			path = PeyeDF/DiMe;
			sourceTree = SOURCE_ROOT;
		};
		A9D9A8B31C1C87AE0014C1EB /* Eye Analysis */ = {
			isa = PBXGroup;
			children = (
				A9D9A8BE1C1C883D0014C1EB /* EyeRectangle.swift */,
			);
			name = "Eye Analysis";
			path = "PeyeDF/Eye Analysis";
			sourceTree = SOURCE_ROOT;
		};
/* End PBXGroup section */

/* Begin PBXNativeTarget section */
		A91CB9431B332EDB00671868 /* PeyeDF */ = {
			isa = PBXNativeTarget;
			buildConfigurationList = A91CB9621B332EDB00671868 /* Build configuration list for PBXNativeTarget "PeyeDF" */;
			buildPhases = (
				A91CB9401B332EDB00671868 /* Sources */,
				A91CB9411B332EDB00671868 /* Frameworks */,
				A91CB9421B332EDB00671868 /* Resources */,
				A95FE9941B8B3F7D0010E813 /* Embed Frameworks */,
			);
			buildRules = (
			);
			dependencies = (
				A95FE9931B8B3F7D0010E813 /* PBXTargetDependency */,
			);
			name = PeyeDF;
			productName = PeyeDF;
			productReference = A91CB9441B332EDB00671868 /* PeyeDF.app */;
			productType = "com.apple.product-type.application";
		};
		A91CB9571B332EDB00671868 /* PeyeDFTests */ = {
			isa = PBXNativeTarget;
			buildConfigurationList = A91CB9651B332EDB00671868 /* Build configuration list for PBXNativeTarget "PeyeDFTests" */;
			buildPhases = (
				A91CB9541B332EDB00671868 /* Sources */,
				A91CB9551B332EDB00671868 /* Frameworks */,
				A91CB9561B332EDB00671868 /* Resources */,
			);
			buildRules = (
			);
			dependencies = (
				A91CB95A1B332EDB00671868 /* PBXTargetDependency */,
			);
			name = PeyeDFTests;
			productName = PeyeDFTests;
			productReference = A91CB9581B332EDB00671868 /* PeyeDFTests.xctest */;
			productType = "com.apple.product-type.bundle.unit-test";
		};
/* End PBXNativeTarget section */

/* Begin PBXProject section */
		A91CB93C1B332EDB00671868 /* Project object */ = {
			isa = PBXProject;
			attributes = {
				LastSwiftMigration = 0700;
				LastSwiftUpdateCheck = 0700;
				LastUpgradeCheck = 0700;
				ORGANIZATIONNAME = HIIT;
				TargetAttributes = {
					A91CB9431B332EDB00671868 = {
						CreatedOnToolsVersion = 6.3.2;
						DevelopmentTeam = JYV3R5X7JQ;
					};
					A91CB9571B332EDB00671868 = {
						CreatedOnToolsVersion = 6.3.2;
						TestTargetID = A91CB9431B332EDB00671868;
					};
				};
			};
			buildConfigurationList = A91CB93F1B332EDB00671868 /* Build configuration list for PBXProject "PeyeDF" */;
			compatibilityVersion = "Xcode 3.2";
			developmentRegion = English;
			hasScannedForEncodings = 0;
			knownRegions = (
				en,
				Base,
			);
			mainGroup = A91CB93B1B332EDB00671868;
			productRefGroup = A91CB9451B332EDB00671868 /* Products */;
			projectDirPath = "";
			projectReferences = (
				{
					ProductGroup = A95FE9821B8B3EC60010E813 /* Products */;
					ProjectRef = A95FE9811B8B3EC60010E813 /* Alamofire.xcodeproj */;
				},
			);
			projectRoot = "";
			targets = (
				A91CB9431B332EDB00671868 /* PeyeDF */,
				A91CB9571B332EDB00671868 /* PeyeDFTests */,
			);
		};
/* End PBXProject section */

/* Begin PBXReferenceProxy section */
		A906D9021BAD827800DF10C4 /* Alamofire.framework */ = {
			isa = PBXReferenceProxy;
			fileType = wrapper.framework;
			path = Alamofire.framework;
			remoteRef = A906D9011BAD827800DF10C4 /* PBXContainerItemProxy */;
			sourceTree = BUILT_PRODUCTS_DIR;
		};
		A95FE9891B8B3EC60010E813 /* Alamofire.framework */ = {
			isa = PBXReferenceProxy;
			fileType = wrapper.framework;
			path = Alamofire.framework;
			remoteRef = A95FE9881B8B3EC60010E813 /* PBXContainerItemProxy */;
			sourceTree = BUILT_PRODUCTS_DIR;
		};
		A95FE98B1B8B3EC60010E813 /* Alamofire.framework */ = {
			isa = PBXReferenceProxy;
			fileType = wrapper.framework;
			path = Alamofire.framework;
			remoteRef = A95FE98A1B8B3EC60010E813 /* PBXContainerItemProxy */;
			sourceTree = BUILT_PRODUCTS_DIR;
		};
		A95FE98D1B8B3EC60010E813 /* Alamofire iOS Tests.xctest */ = {
			isa = PBXReferenceProxy;
			fileType = wrapper.cfbundle;
			path = "Alamofire iOS Tests.xctest";
			remoteRef = A95FE98C1B8B3EC60010E813 /* PBXContainerItemProxy */;
			sourceTree = BUILT_PRODUCTS_DIR;
		};
		A95FE98F1B8B3EC60010E813 /* Alamofire OSX Tests.xctest */ = {
			isa = PBXReferenceProxy;
			fileType = wrapper.cfbundle;
			path = "Alamofire OSX Tests.xctest";
			remoteRef = A95FE98E1B8B3EC60010E813 /* PBXContainerItemProxy */;
			sourceTree = BUILT_PRODUCTS_DIR;
		};
		A9D9A8BB1C1C87AE0014C1EB /* Alamofire.framework */ = {
			isa = PBXReferenceProxy;
			fileType = wrapper.framework;
			path = Alamofire.framework;
			remoteRef = A9D9A8BA1C1C87AE0014C1EB /* PBXContainerItemProxy */;
			sourceTree = BUILT_PRODUCTS_DIR;
		};
		A9D9A8BD1C1C87AE0014C1EB /* Alamofire tvOS Tests.xctest */ = {
			isa = PBXReferenceProxy;
			fileType = wrapper.cfbundle;
			path = "Alamofire tvOS Tests.xctest";
			remoteRef = A9D9A8BC1C1C87AE0014C1EB /* PBXContainerItemProxy */;
			sourceTree = BUILT_PRODUCTS_DIR;
		};
/* End PBXReferenceProxy section */

/* Begin PBXResourcesBuildPhase section */
		A91CB9421B332EDB00671868 /* Resources */ = {
			isa = PBXResourcesBuildPhase;
			buildActionMask = 2147483647;
			files = (
				A91CB9501B332EDB00671868 /* Images.xcassets in Resources */,
				A95A8CEA1B9440600093119E /* Main.storyboard in Resources */,
				A95795151BD69BAA0083525C /* Refinder.storyboard in Resources */,
				A9A23CE31C776989008B61C4 /* PeyeDF.icns in Resources */,
			);
			runOnlyForDeploymentPostprocessing = 0;
		};
		A91CB9561B332EDB00671868 /* Resources */ = {
			isa = PBXResourcesBuildPhase;
			buildActionMask = 2147483647;
			files = (
			);
			runOnlyForDeploymentPostprocessing = 0;
		};
/* End PBXResourcesBuildPhase section */

/* Begin PBXSourcesBuildPhase section */
		A91CB9401B332EDB00671868 /* Sources */ = {
			isa = PBXSourcesBuildPhase;
			buildActionMask = 2147483647;
			files = (
				A99C23031BE92536005EDFD9 /* DiMeFetcher.swift in Sources */,
				A9260F571BA4CD10005B1556 /* MyOverlay.swift in Sources */,
				A91DC4E11C22E43800BBB612 /* SummaryReadingEvent.swift in Sources */,
				A9B36CAB1BEA30BF00A27861 /* MyPDFOverview.swift in Sources */,
				A935F0C61B8CC5FD00587C99 /* DesktopEvent.swift in Sources */,
				A99C22FB1BE8EC9D005EDFD9 /* WaitViewController.swift in Sources */,
				A974ADD81BD169E0008AB977 /* DocumentWindow.swift in Sources */,
				A91CB96F1B332FB700671868 /* EyeFormulas.swift in Sources */,
				A9D833AD1BA868520046B21F /* PageEyeData.swift in Sources */,
				A912D8A41B8B5C3A006F0657 /* DocumentInformationElement.swift in Sources */,
				A9A23CDA1C771AF4008B61C4 /* NS+Extensions.swift in Sources */,
				A91CB9721B332FB700671868 /* PeyeDocument.swift in Sources */,
				A95A8CF51B94407D0093119E /* MyPDFReader.swift in Sources */,
				A9FE38A81B98497400680F31 /* GeneralSettingsController.swift in Sources */,
				A9B36CA91BEA2E0800A27861 /* HistoryDetailController.swift in Sources */,
				A95795071BD668E40083525C /* Person.swift in Sources */,
				A95A8CF71B94407D0093119E /* DiMePreferencesViewController.swift in Sources */,
				A9A2DFC61BC427BE006C07FD /* MetadataWindowController.swift in Sources */,
				A95795191BD6A31B0083525C /* AllHistoryController.swift in Sources */,
				A95A8CF61B94407D0093119E /* PDFSideController.swift in Sources */,
				A957951B1BD6A35F0083525C /* HistoryTableCell.swift in Sources */,
				A9E771111B96091F0005A4B3 /* ReadingRect.swift in Sources */,
				A93C53DC1B8DCEFB00179C72 /* HistoryManager.swift in Sources */,
				A91CB94A1B332EDB00671868 /* AppDelegate.swift in Sources */,
				A95795171BD6A1CB0083525C /* RefinderWindowController.swift in Sources */,
				A913A9251BA1B047008BA10D /* MainSplitController.swift in Sources */,
				A9CEAA801BE7793500E23964 /* Paragraphs.swift in Sources */,
				A95A8CF81B94407D0093119E /* ThumbSideController.swift in Sources */,
				A95FE9801B8B3C1D0010E813 /* SwiftyJSON.swift in Sources */,
				A9CDB2E91B3AC49800347398 /* PeyeConstants.swift in Sources */,
				A95A8CF41B94407D0093119E /* DocumentWindowController.swift in Sources */,
				A9F335731B3ABC090042BFB3 /* AppSingleton.swift in Sources */,
				A918F8101BC2D71500345448 /* eyeBox.swift in Sources */,
				A9B36CAD1BEA30D800A27861 /* MyPDFDetail.swift in Sources */,
				A9677F921BA806F700DC48CC /* MidasManager.swift in Sources */,
				A9038F7B1B8F634200A7D183 /* Dictionariable.swift in Sources */,
				A91AFB731C1DC9A60025D1F6 /* ThresholdEditor.swift in Sources */,
				A957950D1BD66A600083525C /* ScientificDocument.swift in Sources */,
				A9A23CD81C771AB4008B61C4 /* NSRect+Extensions.swift in Sources */,
				A95A8CF31B94407D0093119E /* DocumentSplitController.swift in Sources */,
				A9038F761B8F5EE500A7D183 /* Event.swift in Sources */,
				A9D9A8BF1C1C883D0014C1EB /* EyeRectangle.swift in Sources */,
				A9A23CD61C771A82008B61C4 /* String+Extensions.swift in Sources */,
				A913A9201BA1A93B008BA10D /* SearchPanelController.swift in Sources */,
				A95A8CF21B94407D0093119E /* DebugController.swift in Sources */,
				A9A2DFCC1BC427D2006C07FD /* MetadataViewController.swift in Sources */,
				A9A23CD41C771A5D008B61C4 /* NSDate+Extensions.swift in Sources */,
				A9B36CA31BEA0FE300A27861 /* RefinderProgressIndicator.swift in Sources */,
				A9C8F0251BC2B309007ABE1A /* Fixation.swift in Sources */,
				A912D8A51B8B5C3A006F0657 /* ReadingEvent.swift in Sources */,
				A9DFF1721B7E3D1A008CFF0C /* XCGLogger.swift in Sources */,
				A9B36CB01BEA4A3A00A27861 /* MyPDFBase.swift in Sources */,
				A981F69D1B42FC4C00E7E9BD /* Utils.swift in Sources */,
				A95DF5651BC511A400EA1157 /* PDFDocumentExtensions.swift in Sources */,
				A9C8F0271BC2B31A007ABE1A /* Raw.swift in Sources */,
				A97230761B8B60C8005D29E0 /* DiMeData.swift in Sources */,
			);
			runOnlyForDeploymentPostprocessing = 0;
		};
		A91CB9541B332EDB00671868 /* Sources */ = {
			isa = PBXSourcesBuildPhase;
			buildActionMask = 2147483647;
			files = (
				A91CB95F1B332EDB00671868 /* PeyeDFTests.swift in Sources */,
			);
			runOnlyForDeploymentPostprocessing = 0;
		};
/* End PBXSourcesBuildPhase section */

/* Begin PBXTargetDependency section */
		A91CB95A1B332EDB00671868 /* PBXTargetDependency */ = {
			isa = PBXTargetDependency;
			target = A91CB9431B332EDB00671868 /* PeyeDF */;
			targetProxy = A91CB9591B332EDB00671868 /* PBXContainerItemProxy */;
		};
		A95FE9931B8B3F7D0010E813 /* PBXTargetDependency */ = {
			isa = PBXTargetDependency;
			name = "Alamofire OSX";
			targetProxy = A95FE9921B8B3F7D0010E813 /* PBXContainerItemProxy */;
		};
/* End PBXTargetDependency section */

/* Begin PBXVariantGroup section */
		A91CB9511B332EDB00671868 /* Main.storyboard */ = {
			isa = PBXVariantGroup;
			children = (
				A91CB9521B332EDB00671868 /* Base */,
			);
			name = Main.storyboard;
			sourceTree = "<group>";
		};
/* End PBXVariantGroup section */

/* Begin XCBuildConfiguration section */
		A91CB9601B332EDB00671868 /* Debug */ = {
			isa = XCBuildConfiguration;
			buildSettings = {
				ALWAYS_SEARCH_USER_PATHS = NO;
				CLANG_CXX_LANGUAGE_STANDARD = "gnu++0x";
				CLANG_CXX_LIBRARY = "libc++";
				CLANG_ENABLE_MODULES = YES;
				CLANG_ENABLE_OBJC_ARC = YES;
				CLANG_WARN_BOOL_CONVERSION = YES;
				CLANG_WARN_CONSTANT_CONVERSION = YES;
				CLANG_WARN_DIRECT_OBJC_ISA_USAGE = YES_ERROR;
				CLANG_WARN_EMPTY_BODY = YES;
				CLANG_WARN_ENUM_CONVERSION = YES;
				CLANG_WARN_INT_CONVERSION = YES;
				CLANG_WARN_OBJC_ROOT_CLASS = YES_ERROR;
				CLANG_WARN_UNREACHABLE_CODE = YES;
				CLANG_WARN__DUPLICATE_METHOD_MATCH = YES;
				CODE_SIGN_IDENTITY = "-";
				COPY_PHASE_STRIP = NO;
				DEBUG_INFORMATION_FORMAT = dwarf;
				ENABLE_STRICT_OBJC_MSGSEND = YES;
				ENABLE_TESTABILITY = YES;
				GCC_C_LANGUAGE_STANDARD = gnu99;
				GCC_DYNAMIC_NO_PIC = NO;
				GCC_NO_COMMON_BLOCKS = YES;
				GCC_OPTIMIZATION_LEVEL = 0;
				GCC_PREPROCESSOR_DEFINITIONS = (
					"DEBUG=1",
					"$(inherited)",
				);
				GCC_SYMBOLS_PRIVATE_EXTERN = NO;
				GCC_WARN_64_TO_32_BIT_CONVERSION = YES;
				GCC_WARN_ABOUT_RETURN_TYPE = YES_ERROR;
				GCC_WARN_UNDECLARED_SELECTOR = YES;
				GCC_WARN_UNINITIALIZED_AUTOS = YES_AGGRESSIVE;
				GCC_WARN_UNUSED_FUNCTION = YES;
				GCC_WARN_UNUSED_VARIABLE = YES;
				MACOSX_DEPLOYMENT_TARGET = 10.10;
				MTL_ENABLE_DEBUG_INFO = YES;
				ONLY_ACTIVE_ARCH = YES;
				SDKROOT = macosx;
				SWIFT_OPTIMIZATION_LEVEL = "-Onone";
			};
			name = Debug;
		};
		A91CB9611B332EDB00671868 /* Release */ = {
			isa = XCBuildConfiguration;
			buildSettings = {
				ALWAYS_SEARCH_USER_PATHS = NO;
				CLANG_CXX_LANGUAGE_STANDARD = "gnu++0x";
				CLANG_CXX_LIBRARY = "libc++";
				CLANG_ENABLE_MODULES = YES;
				CLANG_ENABLE_OBJC_ARC = YES;
				CLANG_WARN_BOOL_CONVERSION = YES;
				CLANG_WARN_CONSTANT_CONVERSION = YES;
				CLANG_WARN_DIRECT_OBJC_ISA_USAGE = YES_ERROR;
				CLANG_WARN_EMPTY_BODY = YES;
				CLANG_WARN_ENUM_CONVERSION = YES;
				CLANG_WARN_INT_CONVERSION = YES;
				CLANG_WARN_OBJC_ROOT_CLASS = YES_ERROR;
				CLANG_WARN_UNREACHABLE_CODE = YES;
				CLANG_WARN__DUPLICATE_METHOD_MATCH = YES;
				CODE_SIGN_IDENTITY = "-";
				COPY_PHASE_STRIP = NO;
				DEBUG_INFORMATION_FORMAT = "dwarf-with-dsym";
				ENABLE_NS_ASSERTIONS = NO;
				ENABLE_STRICT_OBJC_MSGSEND = YES;
				GCC_C_LANGUAGE_STANDARD = gnu99;
				GCC_NO_COMMON_BLOCKS = YES;
				GCC_WARN_64_TO_32_BIT_CONVERSION = YES;
				GCC_WARN_ABOUT_RETURN_TYPE = YES_ERROR;
				GCC_WARN_UNDECLARED_SELECTOR = YES;
				GCC_WARN_UNINITIALIZED_AUTOS = YES_AGGRESSIVE;
				GCC_WARN_UNUSED_FUNCTION = YES;
				GCC_WARN_UNUSED_VARIABLE = YES;
				MACOSX_DEPLOYMENT_TARGET = 10.10;
				MTL_ENABLE_DEBUG_INFO = NO;
				SDKROOT = macosx;
			};
			name = Release;
		};
		A91CB9631B332EDB00671868 /* Debug */ = {
			isa = XCBuildConfiguration;
			buildSettings = {
				ASSETCATALOG_COMPILER_APPICON_NAME = AppIcon;
				CODE_SIGN_IDENTITY = "Developer ID Application";
				"CODE_SIGN_IDENTITY[sdk=macosx*]" = "Mac Developer";
				COMBINE_HIDPI_IMAGES = YES;
				INFOPLIST_FILE = PeyeDF/Info.plist;
				LD_RUNPATH_SEARCH_PATHS = "$(inherited) @executable_path/../Frameworks";
				MACOSX_DEPLOYMENT_TARGET = 10.10;
				PRODUCT_BUNDLE_IDENTIFIER = fi.aalto.org.PeyeDF;
				PRODUCT_NAME = "$(TARGET_NAME)";
				PROVISIONING_PROFILE = "";
				SWIFT_OBJC_BRIDGING_HEADER = "PeyeDF/Utility/PeyeDF-Bridging-Header.h";
			};
			name = Debug;
		};
		A91CB9641B332EDB00671868 /* Release */ = {
			isa = XCBuildConfiguration;
			buildSettings = {
				ASSETCATALOG_COMPILER_APPICON_NAME = AppIcon;
				CODE_SIGN_IDENTITY = "Developer ID Application";
				"CODE_SIGN_IDENTITY[sdk=macosx*]" = "Mac Developer";
				COMBINE_HIDPI_IMAGES = YES;
				INFOPLIST_FILE = PeyeDF/Info.plist;
				LD_RUNPATH_SEARCH_PATHS = "$(inherited) @executable_path/../Frameworks";
				MACOSX_DEPLOYMENT_TARGET = 10.10;
				PRODUCT_BUNDLE_IDENTIFIER = fi.aalto.org.PeyeDF;
				PRODUCT_NAME = "$(TARGET_NAME)";
				PROVISIONING_PROFILE = "";
				SWIFT_OBJC_BRIDGING_HEADER = "PeyeDF/Utility/PeyeDF-Bridging-Header.h";
			};
			name = Release;
		};
		A91CB9661B332EDB00671868 /* Debug */ = {
			isa = XCBuildConfiguration;
			buildSettings = {
				BUNDLE_LOADER = "$(TEST_HOST)";
				COMBINE_HIDPI_IMAGES = YES;
				FRAMEWORK_SEARCH_PATHS = (
					"$(DEVELOPER_FRAMEWORKS_DIR)",
					"$(inherited)",
				);
				GCC_PREPROCESSOR_DEFINITIONS = (
					"DEBUG=1",
					"$(inherited)",
				);
				INFOPLIST_FILE = PeyeDFTests/Info.plist;
				LD_RUNPATH_SEARCH_PATHS = "$(inherited) @executable_path/../Frameworks @loader_path/../Frameworks";
				PRODUCT_BUNDLE_IDENTIFIER = "HIIT.$(PRODUCT_NAME:rfc1034identifier)";
				PRODUCT_NAME = "$(TARGET_NAME)";
				SWIFT_OBJC_BRIDGING_HEADER = "PeyeDF/Utility/PeyeDF-Bridging-Header.h";
				TEST_HOST = "$(BUILT_PRODUCTS_DIR)/PeyeDF.app/Contents/MacOS/PeyeDF";
			};
			name = Debug;
		};
		A91CB9671B332EDB00671868 /* Release */ = {
			isa = XCBuildConfiguration;
			buildSettings = {
				BUNDLE_LOADER = "$(TEST_HOST)";
				COMBINE_HIDPI_IMAGES = YES;
				FRAMEWORK_SEARCH_PATHS = (
					"$(DEVELOPER_FRAMEWORKS_DIR)",
					"$(inherited)",
				);
				INFOPLIST_FILE = PeyeDFTests/Info.plist;
				LD_RUNPATH_SEARCH_PATHS = "$(inherited) @executable_path/../Frameworks @loader_path/../Frameworks";
				PRODUCT_BUNDLE_IDENTIFIER = "HIIT.$(PRODUCT_NAME:rfc1034identifier)";
				PRODUCT_NAME = "$(TARGET_NAME)";
				SWIFT_OBJC_BRIDGING_HEADER = "PeyeDF/Utility/PeyeDF-Bridging-Header.h";
				TEST_HOST = "$(BUILT_PRODUCTS_DIR)/PeyeDF.app/Contents/MacOS/PeyeDF";
			};
			name = Release;
		};
/* End XCBuildConfiguration section */

/* Begin XCConfigurationList section */
		A91CB93F1B332EDB00671868 /* Build configuration list for PBXProject "PeyeDF" */ = {
			isa = XCConfigurationList;
			buildConfigurations = (
				A91CB9601B332EDB00671868 /* Debug */,
				A91CB9611B332EDB00671868 /* Release */,
			);
			defaultConfigurationIsVisible = 0;
			defaultConfigurationName = Release;
		};
		A91CB9621B332EDB00671868 /* Build configuration list for PBXNativeTarget "PeyeDF" */ = {
			isa = XCConfigurationList;
			buildConfigurations = (
				A91CB9631B332EDB00671868 /* Debug */,
				A91CB9641B332EDB00671868 /* Release */,
			);
			defaultConfigurationIsVisible = 0;
			defaultConfigurationName = Release;
		};
		A91CB9651B332EDB00671868 /* Build configuration list for PBXNativeTarget "PeyeDFTests" */ = {
			isa = XCConfigurationList;
			buildConfigurations = (
				A91CB9661B332EDB00671868 /* Debug */,
				A91CB9671B332EDB00671868 /* Release */,
			);
			defaultConfigurationIsVisible = 0;
			defaultConfigurationName = Release;
		};
/* End XCConfigurationList section */
	};
	rootObject = A91CB93C1B332EDB00671868 /* Project object */;
}
